{
  "name": "oids-server",
  "version": "0.3.0",
  "lockfileVersion": 3,
  "requires": true,
  "packages": {
    "": {
      "name": "oids-server",
      "version": "0.3.0",
      "license": "ISC",
      "dependencies": {
        "prisma": "^5.19.1"
      },
      "devDependencies": {
        "@types/cors": "^2.8.13"
      }
    },
    "node_modules/@prisma/debug": {
      "version": "5.19.1",
      "resolved": "https://registry.npmjs.org/@prisma/debug/-/debug-5.19.1.tgz",
      "integrity": "sha512-lAG6A6QnG2AskAukIEucYJZxxcSqKsMK74ZFVfCTOM/7UiyJQi48v6TQ47d6qKG3LbMslqOvnTX25dj/qvclGg=="
    },
    "node_modules/@prisma/engines": {
      "version": "5.19.1",
      "resolved": "https://registry.npmjs.org/@prisma/engines/-/engines-5.19.1.tgz",
      "integrity": "sha512-kR/PoxZDrfUmbbXqqb8SlBBgCjvGaJYMCOe189PEYzq9rKqitQ2fvT/VJ8PDSe8tTNxhc2KzsCfCAL+Iwm/7Cg==",
      "hasInstallScript": true,
      "dependencies": {
        "@prisma/debug": "5.19.1",
        "@prisma/engines-version": "5.19.1-2.69d742ee20b815d88e17e54db4a2a7a3b30324e3",
        "@prisma/fetch-engine": "5.19.1",
        "@prisma/get-platform": "5.19.1"
      }
    },
    "node_modules/@prisma/engines-version": {
      "version": "5.19.1-2.69d742ee20b815d88e17e54db4a2a7a3b30324e3",
      "resolved": "https://registry.npmjs.org/@prisma/engines-version/-/engines-version-5.19.1-2.69d742ee20b815d88e17e54db4a2a7a3b30324e3.tgz",
      "integrity": "sha512-xR6rt+z5LnNqTP5BBc+8+ySgf4WNMimOKXRn6xfNRDSpHvbOEmd7+qAOmzCrddEc4Cp8nFC0txU14dstjH7FXA=="
    },
    "node_modules/@prisma/fetch-engine": {
      "version": "5.19.1",
      "resolved": "https://registry.npmjs.org/@prisma/fetch-engine/-/fetch-engine-5.19.1.tgz",
      "integrity": "sha512-pCq74rtlOVJfn4pLmdJj+eI4P7w2dugOnnTXpRilP/6n5b2aZiA4ulJlE0ddCbTPkfHmOL9BfaRgA8o+1rfdHw==",
      "dependencies": {
        "@prisma/debug": "5.19.1",
        "@prisma/engines-version": "5.19.1-2.69d742ee20b815d88e17e54db4a2a7a3b30324e3",
        "@prisma/get-platform": "5.19.1"
      }
    },
    "node_modules/@prisma/get-platform": {
      "version": "5.19.1",
      "resolved": "https://registry.npmjs.org/@prisma/get-platform/-/get-platform-5.19.1.tgz",
      "integrity": "sha512-sCeoJ+7yt0UjnR+AXZL7vXlg5eNxaFOwC23h0KvW1YIXUoa7+W2ZcAUhoEQBmJTW4GrFqCuZ8YSP0mkDa4k3Zg==",
      "dependencies": {
        "@prisma/debug": "5.19.1"
      }
    },
    "node_modules/@types/cors": {
      "version": "2.8.13",
      "resolved": "https://registry.npmjs.org/@types/cors/-/cors-2.8.13.tgz",
      "integrity": "sha512-RG8AStHlUiV5ysZQKq97copd2UmVYw3/pRMLefISZ3S1hK104Cwm7iLQ3fTKx+lsUH2CE8FlLaYeEA2LSeqYUA==",
      "dev": true,
      "dependencies": {
        "@types/node": "*"
      }
    },
    "node_modules/@types/node": {
      "version": "20.3.3",
      "resolved": "https://registry.npmjs.org/@types/node/-/node-20.3.3.tgz",
      "integrity": "sha512-wheIYdr4NYML61AjC8MKj/2jrR/kDQri/CIpVoZwldwhnIrD/j9jIU5bJ8yBKuB2VhpFV7Ab6G2XkBjv9r9Zzw==",
      "dev": true
    },
    "node_modules/fsevents": {
      "version": "2.3.3",
      "resolved": "https://registry.npmjs.org/fsevents/-/fsevents-2.3.3.tgz",
      "integrity": "sha512-5xoDfX+fL7faATnagmWPpbFtwh/R77WmMMqqHGS65C3vvB0YHrgF+B1YmZ3441tMj5n63k0212XNoJwzlhffQw==",
      "hasInstallScript": true,
      "optional": true,
      "os": [
        "darwin"
      ],
      "engines": {
        "node": "^8.16.0 || ^10.6.0 || >=11.0.0"
      }
    },
    "node_modules/prisma": {
      "version": "5.19.1",
      "resolved": "https://registry.npmjs.org/prisma/-/prisma-5.19.1.tgz",
      "integrity": "sha512-c5K9MiDaa+VAAyh1OiYk76PXOme9s3E992D7kvvIOhCrNsBQfy2mP2QAQtX0WNj140IgG++12kwZpYB9iIydNQ==",
      "hasInstallScript": true,
      "dependencies": {
        "@prisma/engines": "5.19.1"
      },
      "bin": {
        "prisma": "build/index.js"
      },
      "engines": {
        "node": ">=16.13"
      },
      "optionalDependencies": {
        "fsevents": "2.3.3"
      }
    }
  }
}
