{
  "name": "oids-server",
  "version": "0.2.0",
  "lockfileVersion": 3,
  "requires": true,
  "packages": {
    "": {
      "name": "oids-server",
      "version": "0.2.0",
      "license": "ISC",
      "dependencies": {
        "prisma": "^4.10.1"
      },
      "devDependencies": {
        "@types/cors": "^2.8.13"
      }
    },
    "node_modules/@prisma/engines": {
      "version": "4.10.1",
      "resolved": "https://registry.npmjs.org/@prisma/engines/-/engines-4.10.1.tgz",
      "integrity": "sha512-B3tcTxjx196nuAu1GOTKO9cGPUgTFHYRdkPkTS4m5ptb2cejyBlH9X7GOfSt3xlI7p4zAJDshJP4JJivCg9ouA==",
      "hasInstallScript": true
    },
    "node_modules/@types/cors": {
      "version": "2.8.13",
      "resolved": "https://registry.npmjs.org/@types/cors/-/cors-2.8.13.tgz",
      "integrity": "sha512-RG8AStHlUiV5ysZQKq97copd2UmVYw3/pRMLefISZ3S1hK104Cwm7iLQ3fTKx+lsUH2CE8FlLaYeEA2LSeqYUA==",
      "dev": true,
      "dependencies": {
        "@types/node": "*"
      }
    },
    "node_modules/@types/node": {
      "version": "18.14.0",
      "resolved": "https://registry.npmjs.org/@types/node/-/node-18.14.0.tgz",
      "integrity": "sha512-5EWrvLmglK+imbCJY0+INViFWUHg1AHel1sq4ZVSfdcNqGy9Edv3UB9IIzzg+xPaUcAgZYcfVs2fBcwDeZzU0A==",
      "dev": true
    },
    "node_modules/prisma": {
      "version": "4.10.1",
      "resolved": "https://registry.npmjs.org/prisma/-/prisma-4.10.1.tgz",
      "integrity": "sha512-0jDxgg+DruB1kHVNlcspXQB9au62IFfVg9drkhzXudszHNUAQn0lVuu+T8np0uC2z1nKD5S3qPeCyR8u5YFLnA==",
      "hasInstallScript": true,
      "dependencies": {
        "@prisma/engines": "4.10.1"
      },
      "bin": {
        "prisma": "build/index.js",
        "prisma2": "build/index.js"
      },
      "engines": {
        "node": ">=14.17"
      }
    }
  }
}
